// !$*UTF8*$!
{
	archiveVersion = 1;
	classes = {
	};
	objectVersion = 48;
	objects = {

/* Begin PBXBuildFile section */
		1C1F318622A5008000ED2ED1 /* Queue.c in Sources */ = {isa = PBXBuildFile; fileRef = 1C1F318422A5008000ED2ED1 /* Queue.c */; };
		1C356AF12311099D00EAEBCD /* HashTree.c in Sources */ = {isa = PBXBuildFile; fileRef = 1C356AF02311099D00EAEBCD /* HashTree.c */; };
		1C356AF4231289E900EAEBCD /* YZHHash.c in Sources */ = {isa = PBXBuildFile; fileRef = 1C356AF3231289E900EAEBCD /* YZHHash.c */; };
		1C356AF72312F52F00EAEBCD /* YZHMachTimeUtils.m in Sources */ = {isa = PBXBuildFile; fileRef = 1C356AF52312F52F00EAEBCD /* YZHMachTimeUtils.m */; };
		1C3D3BDC22B0042B0064D015 /* YZHType.c in Sources */ = {isa = PBXBuildFile; fileRef = 1C3D3BDB22B0042B0064D015 /* YZHType.c */; };
		1C57FDF2231ACBA300859C5A /* TTree.c in Sources */ = {isa = PBXBuildFile; fileRef = 1C57FDF1231ACBA300859C5A /* TTree.c */; };
		1CD1C2A222AABE4B00FCE270 /* YZHHashMap.c in Sources */ = {isa = PBXBuildFile; fileRef = 1CD1C2A022AABE4B00FCE270 /* YZHHashMap.c */; };
		1CDF10A322A25C3200826285 /* AppDelegate.m in Sources */ = {isa = PBXBuildFile; fileRef = 1CDF10A222A25C3200826285 /* AppDelegate.m */; };
		1CDF10A622A25C3200826285 /* ViewController.m in Sources */ = {isa = PBXBuildFile; fileRef = 1CDF10A522A25C3200826285 /* ViewController.m */; };
		1CDF10A922A25C3200826285 /* Main.storyboard in Resources */ = {isa = PBXBuildFile; fileRef = 1CDF10A722A25C3200826285 /* Main.storyboard */; };
		1CDF10AB22A25C3200826285 /* Assets.xcassets in Resources */ = {isa = PBXBuildFile; fileRef = 1CDF10AA22A25C3200826285 /* Assets.xcassets */; };
		1CDF10AE22A25C3200826285 /* LaunchScreen.storyboard in Resources */ = {isa = PBXBuildFile; fileRef = 1CDF10AC22A25C3200826285 /* LaunchScreen.storyboard */; };
		1CDF10B122A25C3200826285 /* main.m in Sources */ = {isa = PBXBuildFile; fileRef = 1CDF10B022A25C3200826285 /* main.m */; };
		1CDF10C222A2600C00826285 /* RBTree.c in Sources */ = {isa = PBXBuildFile; fileRef = 1CDF10C022A2600C00826285 /* RBTree.c */; };
/* End PBXBuildFile section */

/* Begin PBXFileReference section */
		1C1F318422A5008000ED2ED1 /* Queue.c */ = {isa = PBXFileReference; lastKnownFileType = sourcecode.c.c; path = Queue.c; sourceTree = "<group>"; };
		1C1F318522A5008000ED2ED1 /* Queue.h */ = {isa = PBXFileReference; lastKnownFileType = sourcecode.c.h; path = Queue.h; sourceTree = "<group>"; };
		1C356AEF2311099D00EAEBCD /* HashTree.h */ = {isa = PBXFileReference; lastKnownFileType = sourcecode.c.h; path = HashTree.h; sourceTree = "<group>"; };
		1C356AF02311099D00EAEBCD /* HashTree.c */ = {isa = PBXFileReference; lastKnownFileType = sourcecode.c.c; path = HashTree.c; sourceTree = "<group>"; };
		1C356AF2231289E900EAEBCD /* YZHHash.h */ = {isa = PBXFileReference; lastKnownFileType = sourcecode.c.h; path = YZHHash.h; sourceTree = "<group>"; };
		1C356AF3231289E900EAEBCD /* YZHHash.c */ = {isa = PBXFileReference; lastKnownFileType = sourcecode.c.c; path = YZHHash.c; sourceTree = "<group>"; };
		1C356AF52312F52F00EAEBCD /* YZHMachTimeUtils.m */ = {isa = PBXFileReference; fileEncoding = 4; lastKnownFileType = sourcecode.c.objc; path = YZHMachTimeUtils.m; sourceTree = "<group>"; };
		1C356AF62312F52F00EAEBCD /* YZHMachTimeUtils.h */ = {isa = PBXFileReference; fileEncoding = 4; lastKnownFileType = sourcecode.c.h; path = YZHMachTimeUtils.h; sourceTree = "<group>"; };
		1C3D3BDB22B0042B0064D015 /* YZHType.c */ = {isa = PBXFileReference; lastKnownFileType = sourcecode.c.c; path = YZHType.c; sourceTree = "<group>"; };
		1C57FDF0231ACBA300859C5A /* TTree.h */ = {isa = PBXFileReference; lastKnownFileType = sourcecode.c.h; path = TTree.h; sourceTree = "<group>"; };
		1C57FDF1231ACBA300859C5A /* TTree.c */ = {isa = PBXFileReference; lastKnownFileType = sourcecode.c.c; path = TTree.c; sourceTree = "<group>"; };
		1CD1C2A022AABE4B00FCE270 /* YZHHashMap.c */ = {isa = PBXFileReference; lastKnownFileType = sourcecode.c.c; path = YZHHashMap.c; sourceTree = "<group>"; };
		1CD1C2A122AABE4B00FCE270 /* YZHHashMap.h */ = {isa = PBXFileReference; lastKnownFileType = sourcecode.c.h; path = YZHHashMap.h; sourceTree = "<group>"; };
		1CD1C2A322ABDBC200FCE270 /* YZHType.h */ = {isa = PBXFileReference; lastKnownFileType = sourcecode.c.h; path = YZHType.h; sourceTree = "<group>"; };
		1CD1C2A422AC06F000FCE270 /* type.h */ = {isa = PBXFileReference; fileEncoding = 4; lastKnownFileType = sourcecode.c.h; path = type.h; sourceTree = "<group>"; };
		1CD1C2A522AC06F000FCE270 /* macro.h */ = {isa = PBXFileReference; fileEncoding = 4; lastKnownFileType = sourcecode.c.h; path = macro.h; sourceTree = "<group>"; };
		1CDF109E22A25C3200826285 /* YZHHashMapDemo.app */ = {isa = PBXFileReference; explicitFileType = wrapper.application; includeInIndex = 0; path = YZHHashMapDemo.app; sourceTree = BUILT_PRODUCTS_DIR; };
		1CDF10A122A25C3200826285 /* AppDelegate.h */ = {isa = PBXFileReference; lastKnownFileType = sourcecode.c.h; path = AppDelegate.h; sourceTree = "<group>"; };
		1CDF10A222A25C3200826285 /* AppDelegate.m */ = {isa = PBXFileReference; lastKnownFileType = sourcecode.c.objc; path = AppDelegate.m; sourceTree = "<group>"; };
		1CDF10A422A25C3200826285 /* ViewController.h */ = {isa = PBXFileReference; lastKnownFileType = sourcecode.c.h; path = ViewController.h; sourceTree = "<group>"; };
		1CDF10A522A25C3200826285 /* ViewController.m */ = {isa = PBXFileReference; lastKnownFileType = sourcecode.c.objc; path = ViewController.m; sourceTree = "<group>"; };
		1CDF10A822A25C3200826285 /* Base */ = {isa = PBXFileReference; lastKnownFileType = file.storyboard; name = Base; path = Base.lproj/Main.storyboard; sourceTree = "<group>"; };
		1CDF10AA22A25C3200826285 /* Assets.xcassets */ = {isa = PBXFileReference; lastKnownFileType = folder.assetcatalog; path = Assets.xcassets; sourceTree = "<group>"; };
		1CDF10AD22A25C3200826285 /* Base */ = {isa = PBXFileReference; lastKnownFileType = file.storyboard; name = Base; path = Base.lproj/LaunchScreen.storyboard; sourceTree = "<group>"; };
		1CDF10AF22A25C3200826285 /* Info.plist */ = {isa = PBXFileReference; lastKnownFileType = text.plist.xml; path = Info.plist; sourceTree = "<group>"; };
		1CDF10B022A25C3200826285 /* main.m */ = {isa = PBXFileReference; lastKnownFileType = sourcecode.c.objc; path = main.m; sourceTree = "<group>"; };
		1CDF10C022A2600C00826285 /* RBTree.c */ = {isa = PBXFileReference; lastKnownFileType = sourcecode.c.c; path = RBTree.c; sourceTree = "<group>"; };
		1CDF10C122A2600C00826285 /* RBTree.h */ = {isa = PBXFileReference; lastKnownFileType = sourcecode.c.h; path = RBTree.h; sourceTree = "<group>"; };
/* End PBXFileReference section */

/* Begin PBXFrameworksBuildPhase section */
		1CDF109B22A25C3200826285 /* Frameworks */ = {
			isa = PBXFrameworksBuildPhase;
			buildActionMask = 2147483647;
			files = (
			);
			runOnlyForDeploymentPostprocessing = 0;
		};
/* End PBXFrameworksBuildPhase section */

/* Begin PBXGroup section */
		1CDF109522A25C3200826285 = {
			isa = PBXGroup;
			children = (
				1CDF10A022A25C3200826285 /* YZHHashMapDemo */,
				1CDF109F22A25C3200826285 /* Products */,
			);
			sourceTree = "<group>";
		};
		1CDF109F22A25C3200826285 /* Products */ = {
			isa = PBXGroup;
			children = (
				1CDF109E22A25C3200826285 /* YZHHashMapDemo.app */,
			);
			name = Products;
			sourceTree = "<group>";
		};
		1CDF10A022A25C3200826285 /* YZHHashMapDemo */ = {
			isa = PBXGroup;
			children = (
				1C356AF62312F52F00EAEBCD /* YZHMachTimeUtils.h */,
				1C356AF52312F52F00EAEBCD /* YZHMachTimeUtils.m */,
				1CDF10B922A25C9A00826285 /* YZHHashMap */,
				1CDF10A122A25C3200826285 /* AppDelegate.h */,
				1CDF10A222A25C3200826285 /* AppDelegate.m */,
				1CDF10A422A25C3200826285 /* ViewController.h */,
				1CDF10A522A25C3200826285 /* ViewController.m */,
				1CDF10A722A25C3200826285 /* Main.storyboard */,
				1CDF10AA22A25C3200826285 /* Assets.xcassets */,
				1CDF10AC22A25C3200826285 /* LaunchScreen.storyboard */,
				1CDF10AF22A25C3200826285 /* Info.plist */,
				1CDF10B022A25C3200826285 /* main.m */,
			);
			path = YZHHashMapDemo;
			sourceTree = "<group>";
		};
		1CDF10B922A25C9A00826285 /* YZHHashMap */ = {
			isa = PBXGroup;
			children = (
				1C356AF02311099D00EAEBCD /* HashTree.c */,
				1C356AEF2311099D00EAEBCD /* HashTree.h */,
				1CD1C2A522AC06F000FCE270 /* macro.h */,
				1C1F318422A5008000ED2ED1 /* Queue.c */,
				1C1F318522A5008000ED2ED1 /* Queue.h */,
				1CDF10C022A2600C00826285 /* RBTree.c */,
				1CDF10C122A2600C00826285 /* RBTree.h */,
				1CD1C2A422AC06F000FCE270 /* type.h */,
				1CD1C2A022AABE4B00FCE270 /* YZHHashMap.c */,
				1CD1C2A122AABE4B00FCE270 /* YZHHashMap.h */,
				1C3D3BDB22B0042B0064D015 /* YZHType.c */,
				1CD1C2A322ABDBC200FCE270 /* YZHType.h */,
				1C356AF2231289E900EAEBCD /* YZHHash.h */,
				1C356AF3231289E900EAEBCD /* YZHHash.c */,
				1C57FDF0231ACBA300859C5A /* TTree.h */,
				1C57FDF1231ACBA300859C5A /* TTree.c */,
			);
			path = YZHHashMap;
			sourceTree = "<group>";
		};
/* End PBXGroup section */

/* Begin PBXNativeTarget section */
		1CDF109D22A25C3200826285 /* YZHHashMapDemo */ = {
			isa = PBXNativeTarget;
			buildConfigurationList = 1CDF10B422A25C3200826285 /* Build configuration list for PBXNativeTarget "YZHHashMapDemo" */;
			buildPhases = (
				1CDF109A22A25C3200826285 /* Sources */,
				1CDF109B22A25C3200826285 /* Frameworks */,
				1CDF109C22A25C3200826285 /* Resources */,
			);
			buildRules = (
			);
			dependencies = (
			);
			name = YZHHashMapDemo;
			productName = YZHHashMapDemo;
			productReference = 1CDF109E22A25C3200826285 /* YZHHashMapDemo.app */;
			productType = "com.apple.product-type.application";
		};
/* End PBXNativeTarget section */

/* Begin PBXProject section */
		1CDF109622A25C3200826285 /* Project object */ = {
			isa = PBXProject;
			attributes = {
				LastUpgradeCheck = 0910;
				ORGANIZATIONNAME = yuan;
				TargetAttributes = {
					1CDF109D22A25C3200826285 = {
						CreatedOnToolsVersion = 9.1;
						ProvisioningStyle = Automatic;
					};
				};
			};
			buildConfigurationList = 1CDF109922A25C3200826285 /* Build configuration list for PBXProject "YZHHashMapDemo" */;
			compatibilityVersion = "Xcode 8.0";
			developmentRegion = en;
			hasScannedForEncodings = 0;
			knownRegions = (
				en,
				Base,
			);
			mainGroup = 1CDF109522A25C3200826285;
			productRefGroup = 1CDF109F22A25C3200826285 /* Products */;
			projectDirPath = "";
			projectRoot = "";
			targets = (
				1CDF109D22A25C3200826285 /* YZHHashMapDemo */,
			);
		};
/* End PBXProject section */

/* Begin PBXResourcesBuildPhase section */
		1CDF109C22A25C3200826285 /* Resources */ = {
			isa = PBXResourcesBuildPhase;
			buildActionMask = 2147483647;
			files = (
				1CDF10AE22A25C3200826285 /* LaunchScreen.storyboard in Resources */,
				1CDF10AB22A25C3200826285 /* Assets.xcassets in Resources */,
				1CDF10A922A25C3200826285 /* Main.storyboard in Resources */,
			);
			runOnlyForDeploymentPostprocessing = 0;
		};
/* End PBXResourcesBuildPhase section */

/* Begin PBXSourcesBuildPhase section */
		1CDF109A22A25C3200826285 /* Sources */ = {
			isa = PBXSourcesBuildPhase;
			buildActionMask = 2147483647;
			files = (
				1C57FDF2231ACBA300859C5A /* TTree.c in Sources */,
				1C1F318622A5008000ED2ED1 /* Queue.c in Sources */,
				1CDF10C222A2600C00826285 /* RBTree.c in Sources */,
				1CDF10A622A25C3200826285 /* ViewController.m in Sources */,
				1CDF10B122A25C3200826285 /* main.m in Sources */,
				1C3D3BDC22B0042B0064D015 /* YZHType.c in Sources */,
				1C356AF72312F52F00EAEBCD /* YZHMachTimeUtils.m in Sources */,
				1C356AF4231289E900EAEBCD /* YZHHash.c in Sources */,
				1CDF10A322A25C3200826285 /* AppDelegate.m in Sources */,
				1CD1C2A222AABE4B00FCE270 /* YZHHashMap.c in Sources */,
				1C356AF12311099D00EAEBCD /* HashTree.c in Sources */,
			);
			runOnlyForDeploymentPostprocessing = 0;
		};
/* End PBXSourcesBuildPhase section */

/* Begin PBXVariantGroup section */
		1CDF10A722A25C3200826285 /* Main.storyboard */ = {
			isa = PBXVariantGroup;
			children = (
				1CDF10A822A25C3200826285 /* Base */,
			);
			name = Main.storyboard;
			sourceTree = "<group>";
		};
		1CDF10AC22A25C3200826285 /* LaunchScreen.storyboard */ = {
			isa = PBXVariantGroup;
			children = (
				1CDF10AD22A25C3200826285 /* Base */,
			);
			name = LaunchScreen.storyboard;
			sourceTree = "<group>";
		};
/* End PBXVariantGroup section */

/* Begin XCBuildConfiguration section */
		1CDF10B222A25C3200826285 /* Debug */ = {
			isa = XCBuildConfiguration;
			buildSettings = {
				ALWAYS_SEARCH_USER_PATHS = NO;
				CLANG_ANALYZER_NONNULL = YES;
				CLANG_ANALYZER_NUMBER_OBJECT_CONVERSION = YES_AGGRESSIVE;
				CLANG_CXX_LANGUAGE_STANDARD = "gnu++14";
				CLANG_CXX_LIBRARY = "libc++";
				CLANG_ENABLE_MODULES = YES;
				CLANG_ENABLE_OBJC_ARC = YES;
				CLANG_WARN_BLOCK_CAPTURE_AUTORELEASING = YES;
				CLANG_WARN_BOOL_CONVERSION = YES;
				CLANG_WARN_COMMA = YES;
				CLANG_WARN_CONSTANT_CONVERSION = YES;
				CLANG_WARN_DIRECT_OBJC_ISA_USAGE = YES_ERROR;
				CLANG_WARN_DOCUMENTATION_COMMENTS = YES;
				CLANG_WARN_EMPTY_BODY = YES;
				CLANG_WARN_ENUM_CONVERSION = YES;
				CLANG_WARN_INFINITE_RECURSION = YES;
				CLANG_WARN_INT_CONVERSION = YES;
				CLANG_WARN_NON_LITERAL_NULL_CONVERSION = YES;
				CLANG_WARN_OBJC_LITERAL_CONVERSION = YES;
				CLANG_WARN_OBJC_ROOT_CLASS = YES_ERROR;
				CLANG_WARN_RANGE_LOOP_ANALYSIS = YES;
				CLANG_WARN_STRICT_PROTOTYPES = YES;
				CLANG_WARN_SUSPICIOUS_MOVE = YES;
				CLANG_WARN_UNGUARDED_AVAILABILITY = YES_AGGRESSIVE;
				CLANG_WARN_UNREACHABLE_CODE = YES;
				CLANG_WARN__DUPLICATE_METHOD_MATCH = YES;
				CODE_SIGN_IDENTITY = "iPhone Developer";
				COPY_PHASE_STRIP = NO;
				DEBUG_INFORMATION_FORMAT = dwarf;
				ENABLE_STRICT_OBJC_MSGSEND = YES;
				ENABLE_TESTABILITY = YES;
				GCC_C_LANGUAGE_STANDARD = gnu11;
				GCC_DYNAMIC_NO_PIC = NO;
				GCC_NO_COMMON_BLOCKS = YES;
				GCC_OPTIMIZATION_LEVEL = 0;
				GCC_PREPROCESSOR_DEFINITIONS = (
					"DEBUG=1",
					"$(inherited)",
				);
				GCC_WARN_64_TO_32_BIT_CONVERSION = YES;
				GCC_WARN_ABOUT_RETURN_TYPE = YES_ERROR;
				GCC_WARN_UNDECLARED_SELECTOR = YES;
				GCC_WARN_UNINITIALIZED_AUTOS = YES_AGGRESSIVE;
				GCC_WARN_UNUSED_FUNCTION = YES;
				GCC_WARN_UNUSED_VARIABLE = YES;
				IPHONEOS_DEPLOYMENT_TARGET = 11.1;
				MTL_ENABLE_DEBUG_INFO = YES;
				ONLY_ACTIVE_ARCH = YES;
				SDKROOT = iphoneos;
			};
			name = Debug;
		};
		1CDF10B322A25C3200826285 /* Release */ = {
			isa = XCBuildConfiguration;
			buildSettings = {
				ALWAYS_SEARCH_USER_PATHS = NO;
				CLANG_ANALYZER_NONNULL = YES;
				CLANG_ANALYZER_NUMBER_OBJECT_CONVERSION = YES_AGGRESSIVE;
				CLANG_CXX_LANGUAGE_STANDARD = "gnu++14";
				CLANG_CXX_LIBRARY = "libc++";
				CLANG_ENABLE_MODULES = YES;
				CLANG_ENABLE_OBJC_ARC = YES;
				CLANG_WARN_BLOCK_CAPTURE_AUTORELEASING = YES;
				CLANG_WARN_BOOL_CONVERSION = YES;
				CLANG_WARN_COMMA = YES;
				CLANG_WARN_CONSTANT_CONVERSION = YES;
				CLANG_WARN_DIRECT_OBJC_ISA_USAGE = YES_ERROR;
				CLANG_WARN_DOCUMENTATION_COMMENTS = YES;
				CLANG_WARN_EMPTY_BODY = YES;
				CLANG_WARN_ENUM_CONVERSION = YES;
				CLANG_WARN_INFINITE_RECURSION = YES;
				CLANG_WARN_INT_CONVERSION = YES;
				CLANG_WARN_NON_LITERAL_NULL_CONVERSION = YES;
				CLANG_WARN_OBJC_LITERAL_CONVERSION = YES;
				CLANG_WARN_OBJC_ROOT_CLASS = YES_ERROR;
				CLANG_WARN_RANGE_LOOP_ANALYSIS = YES;
				CLANG_WARN_STRICT_PROTOTYPES = YES;
				CLANG_WARN_SUSPICIOUS_MOVE = YES;
				CLANG_WARN_UNGUARDED_AVAILABILITY = YES_AGGRESSIVE;
				CLANG_WARN_UNREACHABLE_CODE = YES;
				CLANG_WARN__DUPLICATE_METHOD_MATCH = YES;
				CODE_SIGN_IDENTITY = "iPhone Developer";
				COPY_PHASE_STRIP = NO;
				DEBUG_INFORMATION_FORMAT = "dwarf-with-dsym";
				ENABLE_NS_ASSERTIONS = NO;
				ENABLE_STRICT_OBJC_MSGSEND = YES;
				GCC_C_LANGUAGE_STANDARD = gnu11;
				GCC_NO_COMMON_BLOCKS = YES;
				GCC_WARN_64_TO_32_BIT_CONVERSION = YES;
				GCC_WARN_ABOUT_RETURN_TYPE = YES_ERROR;
				GCC_WARN_UNDECLARED_SELECTOR = YES;
				GCC_WARN_UNINITIALIZED_AUTOS = YES_AGGRESSIVE;
				GCC_WARN_UNUSED_FUNCTION = YES;
				GCC_WARN_UNUSED_VARIABLE = YES;
				IPHONEOS_DEPLOYMENT_TARGET = 11.1;
				MTL_ENABLE_DEBUG_INFO = NO;
				SDKROOT = iphoneos;
				VALIDATE_PRODUCT = YES;
			};
			name = Release;
		};
		1CDF10B522A25C3200826285 /* Debug */ = {
			isa = XCBuildConfiguration;
			buildSettings = {
				ASSETCATALOG_COMPILER_APPICON_NAME = AppIcon;
				CODE_SIGN_STYLE = Automatic;
				DEVELOPMENT_TEAM = 7C6YPJQ829;
				INFOPLIST_FILE = YZHHashMapDemo/Info.plist;
				IPHONEOS_DEPLOYMENT_TARGET = 9.0;
				LD_RUNPATH_SEARCH_PATHS = "$(inherited) @executable_path/Frameworks";
				PRODUCT_BUNDLE_IDENTIFIER = yuan.YZHHashMapDemo;
				PRODUCT_NAME = "$(TARGET_NAME)";
				TARGETED_DEVICE_FAMILY = "1,2";
			};
			name = Debug;
		};
		1CDF10B622A25C3200826285 /* Release */ = {
			isa = XCBuildConfiguration;
			buildSettings = {
				ASSETCATALOG_COMPILER_APPICON_NAME = AppIcon;
				CODE_SIGN_STYLE = Automatic;
				DEVELOPMENT_TEAM = 7C6YPJQ829;
				INFOPLIST_FILE = YZHHashMapDemo/Info.plist;
				IPHONEOS_DEPLOYMENT_TARGET = 9.0;
				LD_RUNPATH_SEARCH_PATHS = "$(inherited) @executable_path/Frameworks";
				PRODUCT_BUNDLE_IDENTIFIER = yuan.YZHHashMapDemo;
				PRODUCT_NAME = "$(TARGET_NAME)";
				TARGETED_DEVICE_FAMILY = "1,2";
			};
			name = Release;
		};
/* End XCBuildConfiguration section */

/* Begin XCConfigurationList section */
		1CDF109922A25C3200826285 /* Build configuration list for PBXProject "YZHHashMapDemo" */ = {
			isa = XCConfigurationList;
			buildConfigurations = (
				1CDF10B222A25C3200826285 /* Debug */,
				1CDF10B322A25C3200826285 /* Release */,
			);
			defaultConfigurationIsVisible = 0;
			defaultConfigurationName = Release;
		};
		1CDF10B422A25C3200826285 /* Build configuration list for PBXNativeTarget "YZHHashMapDemo" */ = {
			isa = XCConfigurationList;
			buildConfigurations = (
				1CDF10B522A25C3200826285 /* Debug */,
				1CDF10B622A25C3200826285 /* Release */,
			);
			defaultConfigurationIsVisible = 0;
			defaultConfigurationName = Release;
		};
/* End XCConfigurationList section */
	};
	rootObject = 1CDF109622A25C3200826285 /* Project object */;
}
